// !$*UTF8*$!
{
	archiveVersion = 1;
	classes = {
	};
	objectVersion = 71;
	objects = {

/* Begin PBXBuildFile section */
		000000000000000000300000 /* iShuttle/iShuttleApp.swift in Sources */ = {isa = PBXBuildFile; fileRef = 000000000000000000200000 /* iShuttle/iShuttleApp.swift */; };
		000000000000000000300001 /* iShuttle/Infrastructure/Networking/RSA.swift in Sources */ = {isa = PBXBuildFile; fileRef = 000000000000000000200001 /* iShuttle/Infrastructure/Networking/RSA.swift */; };
		000000000000000000300002 /* iShuttle/Infrastructure/Networking/AuthService.swift in Sources */ = {isa = PBXBuildFile; fileRef = 000000000000000000200002 /* iShuttle/Infrastructure/Networking/AuthService.swift */; };
		000000000000000000300003 /* iShuttle/Infrastructure/Networking/ReservationAPI.swift in Sources */ = {isa = PBXBuildFile; fileRef = 000000000000000000200003 /* iShuttle/Infrastructure/Networking/ReservationAPI.swift */; };
		000000000000000000300004 /* iShuttle/Infrastructure/Persistence/ReservationStore.swift in Sources */ = {isa = PBXBuildFile; fileRef = 000000000000000000200004 /* iShuttle/Infrastructure/Persistence/ReservationStore.swift */; };
		000000000000000000300005 /* iShuttle/Infrastructure/Authentication/KeychainStore.swift in Sources */ = {isa = PBXBuildFile; fileRef = 000000000000000000200005 /* iShuttle/Infrastructure/Authentication/KeychainStore.swift */; };
		000000000000000000300006 /* iShuttle/Domain/Models.swift in Sources */ = {isa = PBXBuildFile; fileRef = 000000000000000000200006 /* iShuttle/Domain/Models.swift */; };
		000000000000000000300007 /* iShuttle/Presentation/RootView.swift in Sources */ = {isa = PBXBuildFile; fileRef = 000000000000000000200007 /* iShuttle/Presentation/RootView.swift */; };
		000000000000000000300008 /* iShuttle/Domain/RouteLogic.swift in Sources */ = {isa = PBXBuildFile; fileRef = 000000000000000000200008 /* iShuttle/Domain/RouteLogic.swift */; };
		000000000000000000300009 /* iShuttle/Presentation/ReservationViewModel.swift in Sources */ = {isa = PBXBuildFile; fileRef = 000000000000000000200009 /* iShuttle/Presentation/ReservationViewModel.swift */; };
		000000000000000000300010 /* iShuttle/Infrastructure/Networking/WProcResponse.swift in Sources */ = {isa = PBXBuildFile; fileRef = 000000000000000000200010 /* iShuttle/Infrastructure/Networking/WProcResponse.swift */; };
		000000000000000000300011 /* iShuttle/Infrastructure/Location/LocationDirectionService.swift in Sources */ = {isa = PBXBuildFile; fileRef = 000000000000000000200011 /* iShuttle/Infrastructure/Location/LocationDirectionService.swift */; };
/* End PBXBuildFile section */

/* Begin PBXFileReference section */
		000000000000000000000030 /* iShuttle.app */ = {isa = PBXFileReference; explicitFileType = wrapper.application; includeInIndex = 0; path = iShuttle.app; sourceTree = BUILT_PRODUCTS_DIR; };
		000000000000000000200000 /* iShuttle/iShuttleApp.swift */ = {isa = PBXFileReference; lastKnownFileType = sourcecode.swift; path = iShuttle/iShuttleApp.swift; sourceTree = "<group>"; };
		000000000000000000200001 /* iShuttle/Infrastructure/Networking/RSA.swift */ = {isa = PBXFileReference; lastKnownFileType = sourcecode.swift; path = iShuttle/Infrastructure/Networking/RSA.swift; sourceTree = "<group>"; };
		000000000000000000200002 /* iShuttle/Infrastructure/Networking/AuthService.swift */ = {isa = PBXFileReference; lastKnownFileType = sourcecode.swift; path = iShuttle/Infrastructure/Networking/AuthService.swift; sourceTree = "<group>"; };
		000000000000000000200003 /* iShuttle/Infrastructure/Networking/ReservationAPI.swift */ = {isa = PBXFileReference; lastKnownFileType = sourcecode.swift; path = iShuttle/Infrastructure/Networking/ReservationAPI.swift; sourceTree = "<group>"; };
		000000000000000000200004 /* iShuttle/Infrastructure/Persistence/ReservationStore.swift */ = {isa = PBXFileReference; lastKnownFileType = sourcecode.swift; path = iShuttle/Infrastructure/Persistence/ReservationStore.swift; sourceTree = "<group>"; };
		000000000000000000200005 /* iShuttle/Infrastructure/Authentication/KeychainStore.swift */ = {isa = PBXFileReference; lastKnownFileType = sourcecode.swift; path = iShuttle/Infrastructure/Authentication/KeychainStore.swift; sourceTree = "<group>"; };
		000000000000000000200006 /* iShuttle/Domain/Models.swift */ = {isa = PBXFileReference; lastKnownFileType = sourcecode.swift; path = iShuttle/Domain/Models.swift; sourceTree = "<group>"; };
		000000000000000000200007 /* iShuttle/Presentation/RootView.swift */ = {isa = PBXFileReference; lastKnownFileType = sourcecode.swift; path = iShuttle/Presentation/RootView.swift; sourceTree = "<group>"; };
		000000000000000000200008 /* iShuttle/Domain/RouteLogic.swift */ = {isa = PBXFileReference; lastKnownFileType = sourcecode.swift; path = iShuttle/Domain/RouteLogic.swift; sourceTree = "<group>"; };
		000000000000000000200009 /* iShuttle/Presentation/ReservationViewModel.swift */ = {isa = PBXFileReference; lastKnownFileType = sourcecode.swift; path = iShuttle/Presentation/ReservationViewModel.swift; sourceTree = "<group>"; };
		000000000000000000200010 /* iShuttle/Infrastructure/Networking/WProcResponse.swift */ = {isa = PBXFileReference; lastKnownFileType = sourcecode.swift; path = iShuttle/Infrastructure/Networking/WProcResponse.swift; sourceTree = "<group>"; };
		000000000000000000200011 /* iShuttle/Infrastructure/Location/LocationDirectionService.swift */ = {isa = PBXFileReference; lastKnownFileType = sourcecode.swift; path = iShuttle/Infrastructure/Location/LocationDirectionService.swift; sourceTree = "<group>"; };
/* End PBXFileReference section */

/* Begin PBXFileSystemSynchronizedRootGroup section */
		000000000000000000000004 /* iShuttle */ = {isa = PBXFileSystemSynchronizedRootGroup; explicitFileTypes = {}; explicitFolders = (); path = iShuttle; sourceTree = "<group>"; };
/* End PBXFileSystemSynchronizedRootGroup section */

/* Begin PBXGroup section */
		000000000000000000000002 = {
			isa = PBXGroup;
			children = (
				000000000000000000000004 /* iShuttle */,
				319A1F6B305040E500A0975F /* Recovered References */,
			);
			sourceTree = "<group>";
		};
		000000000000000000000003 /* Products */ = {
			isa = PBXGroup;
			children = (
				000000000000000000000030 /* iShuttle.app */,
			);
			name = Products;
			sourceTree = "<group>";
		};
		319A1F6B305040E500A0975F /* Recovered References */ = {
			isa = PBXGroup;
			children = (
				000000000000000000200000 /* iShuttle/iShuttleApp.swift */,
				000000000000000000200001 /* iShuttle/Infrastructure/Networking/RSA.swift */,
				000000000000000000200002 /* iShuttle/Infrastructure/Networking/AuthService.swift */,
				000000000000000000200003 /* iShuttle/Infrastructure/Networking/ReservationAPI.swift */,
				000000000000000000200004 /* iShuttle/Infrastructure/Persistence/ReservationStore.swift */,
				000000000000000000200005 /* iShuttle/Infrastructure/Authentication/KeychainStore.swift */,
				000000000000000000200006 /* iShuttle/Domain/Models.swift */,
				000000000000000000200007 /* iShuttle/Presentation/RootView.swift */,
				000000000000000000200008 /* iShuttle/Domain/RouteLogic.swift */,
				000000000000000000200009 /* iShuttle/Presentation/ReservationViewModel.swift */,
				000000000000000000200010 /* iShuttle/Infrastructure/Networking/WProcResponse.swift */,
				000000000000000000200011 /* iShuttle/Infrastructure/Location/LocationDirectionService.swift */,
			);
			name = "Recovered References";
			sourceTree = "<group>";
		};
/* End PBXGroup section */

/* Begin PBXNativeTarget section */
		000000000000000000000020 /* iShuttle */ = {
			isa = PBXNativeTarget;
			buildConfigurationList = 000000000000000000000011 /* Build configuration list for PBXNativeTarget "iShuttle" */;
			buildPhases = (
				000000000000000000000021 /* Sources */,
				000000000000000000000022 /* Resources */,
			);
			buildRules = (
			);
			dependencies = (
			);
			name = iShuttle;
			productName = iShuttle;
			productReference = 000000000000000000000030 /* iShuttle.app */;
			productType = "com.apple.product-type.application";
		};
/* End PBXNativeTarget section */

/* Begin PBXProject section */
		000000000000000000000001 /* Project object */ = {
			isa = PBXProject;
			attributes = {
			};
			buildConfigurationList = 000000000000000000000010 /* Build configuration list for PBXProject "iShuttle" */;
			compatibilityVersion = "Xcode 16.0";
			developmentRegion = en;
			hasScannedForEncodings = 0;
			knownRegions = (
				en,
				Base,
			);
			mainGroup = 000000000000000000000002;
			productRefGroup = 000000000000000000000003 /* Products */;
			projectDirPath = "";
			projectRoot = "";
			targets = (
				000000000000000000000020 /* iShuttle */,
			);
		};
/* End PBXProject section */

/* Begin PBXResourcesBuildPhase section */
		000000000000000000000022 /* Resources */ = {
			isa = PBXResourcesBuildPhase;
			buildActionMask = 2147483647;
			files = (
			);
			runOnlyForDeploymentPostprocessing = 0;
		};
/* End PBXResourcesBuildPhase section */

/* Begin PBXSourcesBuildPhase section */
		000000000000000000000021 /* Sources */ = {
			isa = PBXSourcesBuildPhase;
			buildActionMask = 2147483647;
			files = (
				000000000000000000300000 /* iShuttle/iShuttleApp.swift in Sources */,
				000000000000000000300001 /* iShuttle/Infrastructure/Networking/RSA.swift in Sources */,
				000000000000000000300002 /* iShuttle/Infrastructure/Networking/AuthService.swift in Sources */,
				000000000000000000300003 /* iShuttle/Infrastructure/Networking/ReservationAPI.swift in Sources */,
				000000000000000000300004 /* iShuttle/Infrastructure/Persistence/ReservationStore.swift in Sources */,
				000000000000000000300005 /* iShuttle/Infrastructure/Authentication/KeychainStore.swift in Sources */,
				000000000000000000300006 /* iShuttle/Domain/Models.swift in Sources */,
				000000000000000000300007 /* iShuttle/Presentation/RootView.swift in Sources */,
				000000000000000000300008 /* iShuttle/Domain/RouteLogic.swift in Sources */,
				000000000000000000300009 /* iShuttle/Presentation/ReservationViewModel.swift in Sources */,
				000000000000000000300010 /* iShuttle/Infrastructure/Networking/WProcResponse.swift in Sources */,
				000000000000000000300011 /* iShuttle/Infrastructure/Location/LocationDirectionService.swift in Sources */,
			);
			runOnlyForDeploymentPostprocessing = 0;
		};
/* End PBXSourcesBuildPhase section */

/* Begin XCBuildConfiguration section */
		000000000000000000000012 /* Release */ = {
			isa = XCBuildConfiguration;
			buildSettings = {
				SWIFT_VERSION = 5.0;
			};
			name = Release;
		};
		000000000000000000000013 /* Release */ = {
			isa = XCBuildConfiguration;
			buildSettings = {
				CODE_SIGN_IDENTITY = "Apple Development";
				CODE_SIGN_STYLE = Automatic;
				DEVELOPMENT_TEAM = LKMBDQA2QL;
				INFOPLIST_FILE = iShuttle/Info.plist;
				IPHONEOS_DEPLOYMENT_TARGET = 26.0;
				PRODUCT_BUNDLE_IDENTIFIER = me.ezreal.iShuttle;
				PRODUCT_NAME = iShuttle;
				PROVISIONING_PROFILE_SPECIFIER = "";
				SDKROOT = iphoneos;
				SUPPORTED_PLATFORMS = "iphoneos iphonesimulator";
				SWIFT_VERSION = 5.0;
				TARGETED_DEVICE_FAMILY = "1,2";
			};
			name = Release;
		};
/* End XCBuildConfiguration section */

/* Begin XCConfigurationList section */
		000000000000000000000010 /* Build configuration list for PBXProject "iShuttle" */ = {
			isa = XCConfigurationList;
			buildConfigurations = (
				000000000000000000000012 /* Release */,
			);
			defaultConfigurationIsVisible = 0;
			defaultConfigurationName = Release;
		};
		000000000000000000000011 /* Build configuration list for PBXNativeTarget "iShuttle" */ = {
			isa = XCConfigurationList;
			buildConfigurations = (
				000000000000000000000013 /* Release */,
			);
			defaultConfigurationIsVisible = 0;
			defaultConfigurationName = Release;
		};
/* End XCConfigurationList section */
	};
	rootObject = 000000000000000000000001 /* Project object */;
}
