// !$*UTF8*$!
{
	archiveVersion = 1;
	classes = {
	};
	objectVersion = 71;
	objects = {

/* Begin PBXBuildFile section */
		F00000000000000000000003 /* RideReminderServiceTests.swift in Sources */ = {isa = PBXBuildFile; fileRef = F00000000000000000000002 /* RideReminderServiceTests.swift */; };
		000000000000000000300040 /* iShuttle/Features/RideReminders/Infrastructure/UserDefaultsRideReminderRecordRepository.swift in Sources */ = {isa = PBXBuildFile; fileRef = 000000000000000000200040 /* iShuttle/Features/RideReminders/Infrastructure/UserDefaultsRideReminderRecordRepository.swift */; };
		000000000000000000300039 /* iShuttle/Features/RideReminders/Domain/RideReminderRecordRepository.swift in Sources */ = {isa = PBXBuildFile; fileRef = 000000000000000000200039 /* iShuttle/Features/RideReminders/Domain/RideReminderRecordRepository.swift */; };
		000000000000000000300038 /* iShuttle/Features/RideReminders/Domain/RideReminderScheduleRecord.swift in Sources */ = {isa = PBXBuildFile; fileRef = 000000000000000000200038 /* iShuttle/Features/RideReminders/Domain/RideReminderScheduleRecord.swift */; };
		000000000000000000300000 /* iShuttle/App/iShuttleApp.swift in Sources */ = {isa = PBXBuildFile; fileRef = 000000000000000000200000 /* iShuttle/App/iShuttleApp.swift */; };
		000000000000000000300001 /* iShuttle/Features/Authentication/Infrastructure/RSA.swift in Sources */ = {isa = PBXBuildFile; fileRef = 000000000000000000200001 /* iShuttle/Features/Authentication/Infrastructure/RSA.swift */; };
		000000000000000000300002 /* iShuttle/Features/Authentication/Infrastructure/AuthService.swift in Sources */ = {isa = PBXBuildFile; fileRef = 000000000000000000200002 /* iShuttle/Features/Authentication/Infrastructure/AuthService.swift */; };
		000000000000000000300003 /* iShuttle/Features/Reservations/Infrastructure/ReservationAPI.swift in Sources */ = {isa = PBXBuildFile; fileRef = 000000000000000000200003 /* iShuttle/Features/Reservations/Infrastructure/ReservationAPI.swift */; };
		000000000000000000300004 /* iShuttle/Features/Reservations/Infrastructure/ReservationStore.swift in Sources */ = {isa = PBXBuildFile; fileRef = 000000000000000000200004 /* iShuttle/Features/Reservations/Infrastructure/ReservationStore.swift */; };
		000000000000000000300005 /* iShuttle/Core/Security/KeychainStore.swift in Sources */ = {isa = PBXBuildFile; fileRef = 000000000000000000200005 /* iShuttle/Core/Security/KeychainStore.swift */; };
		000000000000000000300006 /* iShuttle/Features/Reservations/Domain/Reservation.swift in Sources */ = {isa = PBXBuildFile; fileRef = 000000000000000000200006 /* iShuttle/Features/Reservations/Domain/Reservation.swift */; };
		000000000000000000300007 /* iShuttle/App/RootView.swift in Sources */ = {isa = PBXBuildFile; fileRef = 000000000000000000200007 /* iShuttle/App/RootView.swift */; };
		000000000000000000300008 /* iShuttle/Features/Reservations/Domain/RouteLogic.swift in Sources */ = {isa = PBXBuildFile; fileRef = 000000000000000000200008 /* iShuttle/Features/Reservations/Domain/RouteLogic.swift */; };
		000000000000000000300009 /* iShuttle/Features/Reservations/Presentation/ReservationViewModel.swift in Sources */ = {isa = PBXBuildFile; fileRef = 000000000000000000200009 /* iShuttle/Features/Reservations/Presentation/ReservationViewModel.swift */; };
		000000000000000000300010 /* iShuttle/Core/Networking/WProcResponse.swift in Sources */ = {isa = PBXBuildFile; fileRef = 000000000000000000200010 /* iShuttle/Core/Networking/WProcResponse.swift */; };
		000000000000000000300011 /* iShuttle/Features/Location/Infrastructure/LocationDirectionService.swift in Sources */ = {isa = PBXBuildFile; fileRef = 000000000000000000200011 /* iShuttle/Features/Location/Infrastructure/LocationDirectionService.swift */; };
		000000000000000000300012 /* iShuttle/Features/WatchSync/Infrastructure/WatchSyncService.swift in Sources */ = {isa = PBXBuildFile; fileRef = 000000000000000000200012 /* iShuttle/Features/WatchSync/Infrastructure/WatchSyncService.swift */; };
		000000000000000000300013 /* iShuttle/Features/Reservations/Domain/ReservationRepository.swift in Sources */ = {isa = PBXBuildFile; fileRef = 000000000000000000200013 /* iShuttle/Features/Reservations/Domain/ReservationRepository.swift */; };
		000000000000000000300014 /* iShuttle/Features/Reservations/Infrastructure/DefaultReservationRepository.swift in Sources */ = {isa = PBXBuildFile; fileRef = 000000000000000000200014 /* iShuttle/Features/Reservations/Infrastructure/DefaultReservationRepository.swift */; };
		000000000000000000300015 /* iShuttle/Features/Reservations/Application/ReservationService.swift in Sources */ = {isa = PBXBuildFile; fileRef = 000000000000000000200015 /* iShuttle/Features/Reservations/Application/ReservationService.swift */; };
		000000000000000000300016 /* iShuttle/Features/Settings/Domain/AppSettings.swift in Sources */ = {isa = PBXBuildFile; fileRef = 000000000000000000200016 /* iShuttle/Features/Settings/Domain/AppSettings.swift */; };
		000000000000000000300017 /* iShuttle/Features/Settings/Infrastructure/UserDefaultsSettingsRepository.swift in Sources */ = {isa = PBXBuildFile; fileRef = 000000000000000000200017 /* iShuttle/Features/Settings/Infrastructure/UserDefaultsSettingsRepository.swift */; };
		000000000000000000300018 /* iShuttle/Features/Settings/Domain/SettingsRepository.swift in Sources */ = {isa = PBXBuildFile; fileRef = 000000000000000000200018 /* iShuttle/Features/Settings/Domain/SettingsRepository.swift */; };
		000000000000000000300019 /* iShuttle/Assets.xcassets in Resources */ = {isa = PBXBuildFile; fileRef = 000000000000000000200019 /* iShuttle/Assets.xcassets */; };
		000000000000000000300020 /* iShuttle/Features/Authentication/Infrastructure/KeychainSessionRepository.swift in Sources */ = {isa = PBXBuildFile; fileRef = 000000000000000000200020 /* iShuttle/Features/Authentication/Infrastructure/KeychainSessionRepository.swift */; };
		000000000000000000300021 /* iShuttle/Features/Authentication/Domain/SessionRepository.swift in Sources */ = {isa = PBXBuildFile; fileRef = 000000000000000000200021 /* iShuttle/Features/Authentication/Domain/SessionRepository.swift */; };
		000000000000000000300022 /* iShuttle/Features/Reservations/Domain/BusOption.swift in Sources */ = {isa = PBXBuildFile; fileRef = 000000000000000000200022 /* iShuttle/Features/Reservations/Domain/BusOption.swift */; };
		000000000000000000300023 /* iShuttle/Features/Authentication/Domain/AuthChallenge.swift in Sources */ = {isa = PBXBuildFile; fileRef = 000000000000000000200023 /* iShuttle/Features/Authentication/Domain/AuthChallenge.swift */; };
		000000000000000000300024 /* iShuttle/Core/Networking/APIError.swift in Sources */ = {isa = PBXBuildFile; fileRef = 000000000000000000200024 /* iShuttle/Core/Networking/APIError.swift */; };
		000000000000000000300025 /* iShuttle/App/AppContainer.swift in Sources */ = {isa = PBXBuildFile; fileRef = 000000000000000000200025 /* iShuttle/App/AppContainer.swift */; };
		000000000000000000300026 /* iShuttle/Features/Authentication/Presentation/LoginView.swift in Sources */ = {isa = PBXBuildFile; fileRef = 000000000000000000200026 /* iShuttle/Features/Authentication/Presentation/LoginView.swift */; };
		000000000000000000300027 /* iShuttle/Features/Settings/Presentation/SettingsView.swift in Sources */ = {isa = PBXBuildFile; fileRef = 000000000000000000200027 /* iShuttle/Features/Settings/Presentation/SettingsView.swift */; };
		000000000000000000300028 /* iShuttle/Features/Reservations/Presentation/ReservationView.swift in Sources */ = {isa = PBXBuildFile; fileRef = 000000000000000000200028 /* iShuttle/Features/Reservations/Presentation/ReservationView.swift */; };
		000000000000000000300029 /* iShuttle/Features/Reservations/Presentation/WeekDatePicker.swift in Sources */ = {isa = PBXBuildFile; fileRef = 000000000000000000200029 /* iShuttle/Features/Reservations/Presentation/WeekDatePicker.swift */; };
		000000000000000000300030 /* iShuttle/Features/Reservations/Presentation/MyReservationsView.swift in Sources */ = {isa = PBXBuildFile; fileRef = 000000000000000000200030 /* iShuttle/Features/Reservations/Presentation/MyReservationsView.swift */; };
		000000000000000000300031 /* iShuttle/Features/Reservations/Presentation/ReservationQRCodeView.swift in Sources */ = {isa = PBXBuildFile; fileRef = 000000000000000000200031 /* iShuttle/Features/Reservations/Presentation/ReservationQRCodeView.swift */; };
		000000000000000000300032 /* iShuttle/Features/Reservations/Presentation/QRHomeView.swift in Sources */ = {isa = PBXBuildFile; fileRef = 000000000000000000200032 /* iShuttle/Features/Reservations/Presentation/QRHomeView.swift */; };
		000000000000000000300033 /* iShuttle/Features/WatchSync/Domain/WatchReservationTransfer.swift in Sources */ = {isa = PBXBuildFile; fileRef = 000000000000000000200033 /* iShuttle/Features/WatchSync/Domain/WatchReservationTransfer.swift */; };
		000000000000000000300034 /* iShuttle/Features/RideReminders/Domain/RideReminderSettings.swift in Sources */ = {isa = PBXBuildFile; fileRef = 000000000000000000200034 /* iShuttle/Features/RideReminders/Domain/RideReminderSettings.swift */; };
		000000000000000000300035 /* iShuttle/Features/RideReminders/Domain/RideReminderPolicy.swift in Sources */ = {isa = PBXBuildFile; fileRef = 000000000000000000200035 /* iShuttle/Features/RideReminders/Domain/RideReminderPolicy.swift */; };
		000000000000000000300036 /* iShuttle/Features/RideReminders/Application/RideReminderService.swift in Sources */ = {isa = PBXBuildFile; fileRef = 000000000000000000200036 /* iShuttle/Features/RideReminders/Application/RideReminderService.swift */; };
		000000000000000000300037 /* iShuttle/Features/RideReminders/Infrastructure/UserNotificationReminderScheduler.swift in Sources */ = {isa = PBXBuildFile; fileRef = 000000000000000000200037 /* iShuttle/Features/RideReminders/Infrastructure/UserNotificationReminderScheduler.swift */; };
		31F7528D3050799F00813BCE /* iShuttleWatch Watch App.app in Embed Watch Content */ = {isa = PBXBuildFile; fileRef = 31F752833050799D00813BCE /* iShuttleWatch Watch App.app */; settings = {ATTRIBUTES = (RemoveHeadersOnCopy, ); }; };
/* End PBXBuildFile section */

/* Begin PBXContainerItemProxy section */
		F00000000000000000000017 /* PBXContainerItemProxy */ = {
			isa = PBXContainerItemProxy;
			containerPortal = 000000000000000000000001 /* Project object */;
			proxyType = 1;
			remoteGlobalIDString = 000000000000000000000020;
			remoteInfo = iShuttle;
		};
		31F7528B3050799F00813BCE /* PBXContainerItemProxy */ = {
			isa = PBXContainerItemProxy;
			containerPortal = 000000000000000000000001 /* Project object */;
			proxyType = 1;
			remoteGlobalIDString = 31F752823050799D00813BCE;
			remoteInfo = "iShuttleWatch Watch App";
		};
/* End PBXContainerItemProxy section */

/* Begin PBXCopyFilesBuildPhase section */
		31F7528E3050799F00813BCE /* Embed Watch Content */ = {
			isa = PBXCopyFilesBuildPhase;
			buildActionMask = 2147483647;
			dstPath = "$(CONTENTS_FOLDER_PATH)/Watch";
			dstSubfolderSpec = 16;
			files = (
				31F7528D3050799F00813BCE /* iShuttleWatch Watch App.app in Embed Watch Content */,
			);
			name = "Embed Watch Content";
			runOnlyForDeploymentPostprocessing = 0;
		};
/* End PBXCopyFilesBuildPhase section */

/* Begin PBXFileReference section */
		F00000000000000000000001 /* iShuttleTests.xctest */ = {isa = PBXFileReference; explicitFileType = wrapper.cfbundle; includeInIndex = 0; path = iShuttleTests.xctest; sourceTree = BUILT_PRODUCTS_DIR; };
		F00000000000000000000002 /* RideReminderServiceTests.swift */ = {isa = PBXFileReference; lastKnownFileType = sourcecode.swift; path = RideReminderServiceTests.swift; sourceTree = "<group>"; };
		000000000000000000200040 /* iShuttle/Features/RideReminders/Infrastructure/UserDefaultsRideReminderRecordRepository.swift */ = {isa = PBXFileReference; lastKnownFileType = sourcecode.swift; path = iShuttle/Features/RideReminders/Infrastructure/UserDefaultsRideReminderRecordRepository.swift; sourceTree = "<group>"; };
		000000000000000000200039 /* iShuttle/Features/RideReminders/Domain/RideReminderRecordRepository.swift */ = {isa = PBXFileReference; lastKnownFileType = sourcecode.swift; path = iShuttle/Features/RideReminders/Domain/RideReminderRecordRepository.swift; sourceTree = "<group>"; };
		000000000000000000200038 /* iShuttle/Features/RideReminders/Domain/RideReminderScheduleRecord.swift */ = {isa = PBXFileReference; lastKnownFileType = sourcecode.swift; path = iShuttle/Features/RideReminders/Domain/RideReminderScheduleRecord.swift; sourceTree = "<group>"; };
		000000000000000000000030 /* iShuttle.app */ = {isa = PBXFileReference; explicitFileType = wrapper.application; includeInIndex = 0; path = iShuttle.app; sourceTree = BUILT_PRODUCTS_DIR; };
		000000000000000000200000 /* iShuttle/App/iShuttleApp.swift */ = {isa = PBXFileReference; lastKnownFileType = sourcecode.swift; path = iShuttle/App/iShuttleApp.swift; sourceTree = "<group>"; };
		000000000000000000200001 /* iShuttle/Features/Authentication/Infrastructure/RSA.swift */ = {isa = PBXFileReference; lastKnownFileType = sourcecode.swift; path = iShuttle/Features/Authentication/Infrastructure/RSA.swift; sourceTree = "<group>"; };
		000000000000000000200002 /* iShuttle/Features/Authentication/Infrastructure/AuthService.swift */ = {isa = PBXFileReference; lastKnownFileType = sourcecode.swift; path = iShuttle/Features/Authentication/Infrastructure/AuthService.swift; sourceTree = "<group>"; };
		000000000000000000200003 /* iShuttle/Features/Reservations/Infrastructure/ReservationAPI.swift */ = {isa = PBXFileReference; lastKnownFileType = sourcecode.swift; path = iShuttle/Features/Reservations/Infrastructure/ReservationAPI.swift; sourceTree = "<group>"; };
		000000000000000000200004 /* iShuttle/Features/Reservations/Infrastructure/ReservationStore.swift */ = {isa = PBXFileReference; lastKnownFileType = sourcecode.swift; path = iShuttle/Features/Reservations/Infrastructure/ReservationStore.swift; sourceTree = "<group>"; };
		000000000000000000200005 /* iShuttle/Core/Security/KeychainStore.swift */ = {isa = PBXFileReference; lastKnownFileType = sourcecode.swift; path = iShuttle/Core/Security/KeychainStore.swift; sourceTree = "<group>"; };
		000000000000000000200006 /* iShuttle/Features/Reservations/Domain/Reservation.swift */ = {isa = PBXFileReference; lastKnownFileType = sourcecode.swift; path = iShuttle/Features/Reservations/Domain/Reservation.swift; sourceTree = "<group>"; };
		000000000000000000200007 /* iShuttle/App/RootView.swift */ = {isa = PBXFileReference; lastKnownFileType = sourcecode.swift; path = iShuttle/App/RootView.swift; sourceTree = "<group>"; };
		000000000000000000200008 /* iShuttle/Features/Reservations/Domain/RouteLogic.swift */ = {isa = PBXFileReference; lastKnownFileType = sourcecode.swift; path = iShuttle/Features/Reservations/Domain/RouteLogic.swift; sourceTree = "<group>"; };
		000000000000000000200009 /* iShuttle/Features/Reservations/Presentation/ReservationViewModel.swift */ = {isa = PBXFileReference; lastKnownFileType = sourcecode.swift; path = iShuttle/Features/Reservations/Presentation/ReservationViewModel.swift; sourceTree = "<group>"; };
		000000000000000000200010 /* iShuttle/Core/Networking/WProcResponse.swift */ = {isa = PBXFileReference; lastKnownFileType = sourcecode.swift; path = iShuttle/Core/Networking/WProcResponse.swift; sourceTree = "<group>"; };
		000000000000000000200011 /* iShuttle/Features/Location/Infrastructure/LocationDirectionService.swift */ = {isa = PBXFileReference; lastKnownFileType = sourcecode.swift; path = iShuttle/Features/Location/Infrastructure/LocationDirectionService.swift; sourceTree = "<group>"; };
		000000000000000000200012 /* iShuttle/Features/WatchSync/Infrastructure/WatchSyncService.swift */ = {isa = PBXFileReference; lastKnownFileType = sourcecode.swift; path = iShuttle/Features/WatchSync/Infrastructure/WatchSyncService.swift; sourceTree = "<group>"; };
		000000000000000000200013 /* iShuttle/Features/Reservations/Domain/ReservationRepository.swift */ = {isa = PBXFileReference; lastKnownFileType = sourcecode.swift; path = iShuttle/Features/Reservations/Domain/ReservationRepository.swift; sourceTree = "<group>"; };
		000000000000000000200014 /* iShuttle/Features/Reservations/Infrastructure/DefaultReservationRepository.swift */ = {isa = PBXFileReference; lastKnownFileType = sourcecode.swift; path = iShuttle/Features/Reservations/Infrastructure/DefaultReservationRepository.swift; sourceTree = "<group>"; };
		000000000000000000200015 /* iShuttle/Features/Reservations/Application/ReservationService.swift */ = {isa = PBXFileReference; lastKnownFileType = sourcecode.swift; path = iShuttle/Features/Reservations/Application/ReservationService.swift; sourceTree = "<group>"; };
		000000000000000000200016 /* iShuttle/Features/Settings/Domain/AppSettings.swift */ = {isa = PBXFileReference; lastKnownFileType = sourcecode.swift; path = iShuttle/Features/Settings/Domain/AppSettings.swift; sourceTree = "<group>"; };
		000000000000000000200017 /* iShuttle/Features/Settings/Infrastructure/UserDefaultsSettingsRepository.swift */ = {isa = PBXFileReference; lastKnownFileType = sourcecode.swift; path = iShuttle/Features/Settings/Infrastructure/UserDefaultsSettingsRepository.swift; sourceTree = "<group>"; };
		000000000000000000200018 /* iShuttle/Features/Settings/Domain/SettingsRepository.swift */ = {isa = PBXFileReference; lastKnownFileType = sourcecode.swift; path = iShuttle/Features/Settings/Domain/SettingsRepository.swift; sourceTree = "<group>"; };
		000000000000000000200019 /* iShuttle/Assets.xcassets */ = {isa = PBXFileReference; lastKnownFileType = folder.assetcatalog; path = iShuttle/Assets.xcassets; sourceTree = "<group>"; };
		000000000000000000200020 /* iShuttle/Features/Authentication/Infrastructure/KeychainSessionRepository.swift */ = {isa = PBXFileReference; lastKnownFileType = sourcecode.swift; path = iShuttle/Features/Authentication/Infrastructure/KeychainSessionRepository.swift; sourceTree = "<group>"; };
		000000000000000000200021 /* iShuttle/Features/Authentication/Domain/SessionRepository.swift */ = {isa = PBXFileReference; lastKnownFileType = sourcecode.swift; path = iShuttle/Features/Authentication/Domain/SessionRepository.swift; sourceTree = "<group>"; };
		000000000000000000200022 /* iShuttle/Features/Reservations/Domain/BusOption.swift */ = {isa = PBXFileReference; lastKnownFileType = sourcecode.swift; path = iShuttle/Features/Reservations/Domain/BusOption.swift; sourceTree = "<group>"; };
		000000000000000000200023 /* iShuttle/Features/Authentication/Domain/AuthChallenge.swift */ = {isa = PBXFileReference; lastKnownFileType = sourcecode.swift; path = iShuttle/Features/Authentication/Domain/AuthChallenge.swift; sourceTree = "<group>"; };
		000000000000000000200024 /* iShuttle/Core/Networking/APIError.swift */ = {isa = PBXFileReference; lastKnownFileType = sourcecode.swift; path = iShuttle/Core/Networking/APIError.swift; sourceTree = "<group>"; };
		000000000000000000200025 /* iShuttle/App/AppContainer.swift */ = {isa = PBXFileReference; lastKnownFileType = sourcecode.swift; path = iShuttle/App/AppContainer.swift; sourceTree = "<group>"; };
		000000000000000000200026 /* iShuttle/Features/Authentication/Presentation/LoginView.swift */ = {isa = PBXFileReference; lastKnownFileType = sourcecode.swift; path = iShuttle/Features/Authentication/Presentation/LoginView.swift; sourceTree = "<group>"; };
		000000000000000000200027 /* iShuttle/Features/Settings/Presentation/SettingsView.swift */ = {isa = PBXFileReference; lastKnownFileType = sourcecode.swift; path = iShuttle/Features/Settings/Presentation/SettingsView.swift; sourceTree = "<group>"; };
		000000000000000000200028 /* iShuttle/Features/Reservations/Presentation/ReservationView.swift */ = {isa = PBXFileReference; lastKnownFileType = sourcecode.swift; path = iShuttle/Features/Reservations/Presentation/ReservationView.swift; sourceTree = "<group>"; };
		000000000000000000200029 /* iShuttle/Features/Reservations/Presentation/WeekDatePicker.swift */ = {isa = PBXFileReference; lastKnownFileType = sourcecode.swift; path = iShuttle/Features/Reservations/Presentation/WeekDatePicker.swift; sourceTree = "<group>"; };
		000000000000000000200030 /* iShuttle/Features/Reservations/Presentation/MyReservationsView.swift */ = {isa = PBXFileReference; lastKnownFileType = sourcecode.swift; path = iShuttle/Features/Reservations/Presentation/MyReservationsView.swift; sourceTree = "<group>"; };
		000000000000000000200031 /* iShuttle/Features/Reservations/Presentation/ReservationQRCodeView.swift */ = {isa = PBXFileReference; lastKnownFileType = sourcecode.swift; path = iShuttle/Features/Reservations/Presentation/ReservationQRCodeView.swift; sourceTree = "<group>"; };
		000000000000000000200032 /* iShuttle/Features/Reservations/Presentation/QRHomeView.swift */ = {isa = PBXFileReference; lastKnownFileType = sourcecode.swift; path = iShuttle/Features/Reservations/Presentation/QRHomeView.swift; sourceTree = "<group>"; };
		000000000000000000200033 /* iShuttle/Features/WatchSync/Domain/WatchReservationTransfer.swift */ = {isa = PBXFileReference; lastKnownFileType = sourcecode.swift; path = iShuttle/Features/WatchSync/Domain/WatchReservationTransfer.swift; sourceTree = "<group>"; };
		000000000000000000200034 /* iShuttle/Features/RideReminders/Domain/RideReminderSettings.swift */ = {isa = PBXFileReference; lastKnownFileType = sourcecode.swift; path = iShuttle/Features/RideReminders/Domain/RideReminderSettings.swift; sourceTree = "<group>"; };
		000000000000000000200035 /* iShuttle/Features/RideReminders/Domain/RideReminderPolicy.swift */ = {isa = PBXFileReference; lastKnownFileType = sourcecode.swift; path = iShuttle/Features/RideReminders/Domain/RideReminderPolicy.swift; sourceTree = "<group>"; };
		000000000000000000200036 /* iShuttle/Features/RideReminders/Application/RideReminderService.swift */ = {isa = PBXFileReference; lastKnownFileType = sourcecode.swift; path = iShuttle/Features/RideReminders/Application/RideReminderService.swift; sourceTree = "<group>"; };
		000000000000000000200037 /* iShuttle/Features/RideReminders/Infrastructure/UserNotificationReminderScheduler.swift */ = {isa = PBXFileReference; lastKnownFileType = sourcecode.swift; path = iShuttle/Features/RideReminders/Infrastructure/UserNotificationReminderScheduler.swift; sourceTree = "<group>"; };
		31F752833050799D00813BCE /* iShuttleWatch Watch App.app */ = {isa = PBXFileReference; explicitFileType = wrapper.application; includeInIndex = 0; path = "iShuttleWatch Watch App.app"; sourceTree = BUILT_PRODUCTS_DIR; };
/* End PBXFileReference section */

/* Begin PBXFileSystemSynchronizedRootGroup section */
		000000000000000000000004 /* iShuttle */ = {isa = PBXFileSystemSynchronizedRootGroup; explicitFileTypes = {}; explicitFolders = (); path = iShuttle; sourceTree = "<group>"; };
		31F752843050799E00813BCE /* iShuttleWatch Watch App */ = {isa = PBXFileSystemSynchronizedRootGroup; explicitFileTypes = {}; explicitFolders = (); path = "iShuttleWatch Watch App"; sourceTree = "<group>"; };
/* End PBXFileSystemSynchronizedRootGroup section */

/* Begin PBXFrameworksBuildPhase section */
		F00000000000000000000012 /* Frameworks */ = {
			isa = PBXFrameworksBuildPhase;
			buildActionMask = 2147483647;
			files = (
			);
			runOnlyForDeploymentPostprocessing = 0;
		};
		31F752803050799D00813BCE /* Frameworks */ = {
			isa = PBXFrameworksBuildPhase;
			buildActionMask = 2147483647;
			files = (
			);
			runOnlyForDeploymentPostprocessing = 0;
		};
/* End PBXFrameworksBuildPhase section */

/* Begin PBXGroup section */
		000000000000000000000002 = {
			isa = PBXGroup;
			children = (
				31F752843050799E00813BCE /* iShuttleWatch Watch App */,
				F00000000000000000000019 /* iShuttleTests */,
				000000000000000000000003 /* Products */,
				000000000000000000000004 /* iShuttle */,
				319A1F6B305040E500A0975F /* Recovered References */,
			);
			sourceTree = "<group>";
		};
		000000000000000000000003 /* Products */ = {
			isa = PBXGroup;
			children = (
				000000000000000000000030 /* iShuttle.app */,
				31F752833050799D00813BCE /* iShuttleWatch Watch App.app */,
				F00000000000000000000001 /* iShuttleTests.xctest */,
			);
			name = Products;
			sourceTree = "<group>";
		};
		319A1F6B305040E500A0975F /* Recovered References */ = {
			isa = PBXGroup;
			children = (
				000000000000000000200000 /* iShuttle/App/iShuttleApp.swift */,
				000000000000000000200001 /* iShuttle/Features/Authentication/Infrastructure/RSA.swift */,
				000000000000000000200002 /* iShuttle/Features/Authentication/Infrastructure/AuthService.swift */,
				000000000000000000200003 /* iShuttle/Features/Reservations/Infrastructure/ReservationAPI.swift */,
				000000000000000000200004 /* iShuttle/Features/Reservations/Infrastructure/ReservationStore.swift */,
				000000000000000000200005 /* iShuttle/Core/Security/KeychainStore.swift */,
				000000000000000000200020 /* iShuttle/Features/Authentication/Infrastructure/KeychainSessionRepository.swift */,
				000000000000000000200006 /* iShuttle/Features/Reservations/Domain/Reservation.swift */,
				000000000000000000200007 /* iShuttle/App/RootView.swift */,
				000000000000000000200008 /* iShuttle/Features/Reservations/Domain/RouteLogic.swift */,
				000000000000000000200009 /* iShuttle/Features/Reservations/Presentation/ReservationViewModel.swift */,
				000000000000000000200010 /* iShuttle/Core/Networking/WProcResponse.swift */,
				000000000000000000200011 /* iShuttle/Features/Location/Infrastructure/LocationDirectionService.swift */,
				000000000000000000200012 /* iShuttle/Features/WatchSync/Infrastructure/WatchSyncService.swift */,
				000000000000000000200013 /* iShuttle/Features/Reservations/Domain/ReservationRepository.swift */,
				000000000000000000200014 /* iShuttle/Features/Reservations/Infrastructure/DefaultReservationRepository.swift */,
				000000000000000000200015 /* iShuttle/Features/Reservations/Application/ReservationService.swift */,
				000000000000000000200016 /* iShuttle/Features/Settings/Domain/AppSettings.swift */,
				000000000000000000200017 /* iShuttle/Features/Settings/Infrastructure/UserDefaultsSettingsRepository.swift */,
				000000000000000000200018 /* iShuttle/Features/Settings/Domain/SettingsRepository.swift */,
				000000000000000000200021 /* iShuttle/Features/Authentication/Domain/SessionRepository.swift */,
				000000000000000000200022 /* iShuttle/Features/Reservations/Domain/BusOption.swift */,
				000000000000000000200023 /* iShuttle/Features/Authentication/Domain/AuthChallenge.swift */,
				000000000000000000200024 /* iShuttle/Core/Networking/APIError.swift */,
				000000000000000000200025 /* iShuttle/App/AppContainer.swift */,
				000000000000000000200026 /* iShuttle/Features/Authentication/Presentation/LoginView.swift */,
				000000000000000000200027 /* iShuttle/Features/Settings/Presentation/SettingsView.swift */,
				000000000000000000200028 /* iShuttle/Features/Reservations/Presentation/ReservationView.swift */,
				000000000000000000200029 /* iShuttle/Features/Reservations/Presentation/WeekDatePicker.swift */,
				000000000000000000200030 /* iShuttle/Features/Reservations/Presentation/MyReservationsView.swift */,
				000000000000000000200031 /* iShuttle/Features/Reservations/Presentation/ReservationQRCodeView.swift */,
				000000000000000000200032 /* iShuttle/Features/Reservations/Presentation/QRHomeView.swift */,
				000000000000000000200033 /* iShuttle/Features/WatchSync/Domain/WatchReservationTransfer.swift */,
				000000000000000000200034 /* iShuttle/Features/RideReminders/Domain/RideReminderSettings.swift */,
				000000000000000000200035 /* iShuttle/Features/RideReminders/Domain/RideReminderPolicy.swift */,
				000000000000000000200036 /* iShuttle/Features/RideReminders/Application/RideReminderService.swift */,
				000000000000000000200037 /* iShuttle/Features/RideReminders/Infrastructure/UserNotificationReminderScheduler.swift */,
				000000000000000000200038 /* iShuttle/Features/RideReminders/Domain/RideReminderScheduleRecord.swift */,
				000000000000000000200039 /* iShuttle/Features/RideReminders/Domain/RideReminderRecordRepository.swift */,
				000000000000000000200040 /* iShuttle/Features/RideReminders/Infrastructure/UserDefaultsRideReminderRecordRepository.swift */,
				000000000000000000200019 /* iShuttle/Assets.xcassets */,
			);
			name = "Recovered References";
			sourceTree = "<group>";
		};
		F00000000000000000000019 /* iShuttleTests */ = {
			isa = PBXGroup;
			children = (
				F00000000000000000000002 /* RideReminderServiceTests.swift */,
			);
			path = iShuttleTests;
			sourceTree = "<group>";
		};
/* End PBXGroup section */

/* Begin PBXNativeTarget section */
		F00000000000000000000010 /* iShuttleTests */ = {
			isa = PBXNativeTarget;
			buildConfigurationList = F00000000000000000000014 /* Build configuration list for PBXNativeTarget "iShuttleTests" */;
			buildPhases = (
				F00000000000000000000011 /* Sources */,
				F00000000000000000000012 /* Frameworks */,
				F00000000000000000000013 /* Resources */,
			);
			buildRules = (
			);
			dependencies = (
				F00000000000000000000018 /* PBXTargetDependency */,
			);
			name = iShuttleTests;
			productName = iShuttleTests;
			productReference = F00000000000000000000001 /* iShuttleTests.xctest */;
			productType = "com.apple.product-type.bundle.unit-test";
		};
		000000000000000000000020 /* iShuttle */ = {
			isa = PBXNativeTarget;
			buildConfigurationList = 000000000000000000000011 /* Build configuration list for PBXNativeTarget "iShuttle" */;
			buildPhases = (
				000000000000000000000021 /* Sources */,
				000000000000000000000022 /* Resources */,
				31F7528E3050799F00813BCE /* Embed Watch Content */,
			);
			buildRules = (
			);
			dependencies = (
				31F7528C3050799F00813BCE /* PBXTargetDependency */,
			);
			name = iShuttle;
			productName = iShuttle;
			productReference = 000000000000000000000030 /* iShuttle.app */;
			productType = "com.apple.product-type.application";
		};
		31F752823050799D00813BCE /* iShuttleWatch Watch App */ = {
			isa = PBXNativeTarget;
			buildConfigurationList = 31F752913050799F00813BCE /* Build configuration list for PBXNativeTarget "iShuttleWatch Watch App" */;
			buildPhases = (
				31F7527F3050799D00813BCE /* Sources */,
				31F752803050799D00813BCE /* Frameworks */,
				31F752813050799D00813BCE /* Resources */,
			);
			buildRules = (
			);
			dependencies = (
			);
			fileSystemSynchronizedGroups = (
				31F752843050799E00813BCE /* iShuttleWatch Watch App */,
			);
			name = "iShuttleWatch Watch App";
			packageProductDependencies = (
			);
			productName = "iShuttleWatch Watch App";
			productReference = 31F752833050799D00813BCE /* iShuttleWatch Watch App.app */;
			productType = "com.apple.product-type.application";
		};
/* End PBXNativeTarget section */

/* Begin PBXProject section */
		000000000000000000000001 /* Project object */ = {
			isa = PBXProject;
			attributes = {
				KnownAssetTags = (
					New,
				);
				LastSwiftUpdateCheck = 2660;
				TargetAttributes = {
					F00000000000000000000010 = {
						CreatedOnToolsVersion = 26.0;
						TestTargetID = 000000000000000000000020;
					};
					31F752823050799D00813BCE = {
						CreatedOnToolsVersion = 26.6;
					};
				};
			};
			buildConfigurationList = 000000000000000000000010 /* Build configuration list for PBXProject "iShuttle" */;
			compatibilityVersion = "Xcode 16.0";
			developmentRegion = en;
			hasScannedForEncodings = 0;
			knownRegions = (
				en,
				Base,
			);
			mainGroup = 000000000000000000000002;
			productRefGroup = 000000000000000000000003 /* Products */;
			projectDirPath = "";
			projectRoot = "";
			targets = (
				000000000000000000000020 /* iShuttle */,
				31F752823050799D00813BCE /* iShuttleWatch Watch App */,
				F00000000000000000000010 /* iShuttleTests */,
			);
		};
/* End PBXProject section */

/* Begin PBXResourcesBuildPhase section */
		F00000000000000000000013 /* Resources */ = {
			isa = PBXResourcesBuildPhase;
			buildActionMask = 2147483647;
			files = (
			);
			runOnlyForDeploymentPostprocessing = 0;
		};
		000000000000000000000022 /* Resources */ = {
			isa = PBXResourcesBuildPhase;
			buildActionMask = 2147483647;
			files = (
				000000000000000000300019 /* iShuttle/Assets.xcassets in Resources */,
			);
			runOnlyForDeploymentPostprocessing = 0;
		};
		31F752813050799D00813BCE /* Resources */ = {
			isa = PBXResourcesBuildPhase;
			buildActionMask = 2147483647;
			files = (
			);
			runOnlyForDeploymentPostprocessing = 0;
		};
/* End PBXResourcesBuildPhase section */

/* Begin PBXSourcesBuildPhase section */
		F00000000000000000000011 /* Sources */ = {
			isa = PBXSourcesBuildPhase;
			buildActionMask = 2147483647;
			files = (
				F00000000000000000000003 /* RideReminderServiceTests.swift in Sources */,
			);
			runOnlyForDeploymentPostprocessing = 0;
		};
		000000000000000000000021 /* Sources */ = {
			isa = PBXSourcesBuildPhase;
			buildActionMask = 2147483647;
			files = (
				000000000000000000300000 /* iShuttle/App/iShuttleApp.swift in Sources */,
				000000000000000000300001 /* iShuttle/Features/Authentication/Infrastructure/RSA.swift in Sources */,
				000000000000000000300002 /* iShuttle/Features/Authentication/Infrastructure/AuthService.swift in Sources */,
				000000000000000000300003 /* iShuttle/Features/Reservations/Infrastructure/ReservationAPI.swift in Sources */,
				000000000000000000300004 /* iShuttle/Features/Reservations/Infrastructure/ReservationStore.swift in Sources */,
				000000000000000000300005 /* iShuttle/Core/Security/KeychainStore.swift in Sources */,
				000000000000000000300020 /* iShuttle/Features/Authentication/Infrastructure/KeychainSessionRepository.swift in Sources */,
				000000000000000000300006 /* iShuttle/Features/Reservations/Domain/Reservation.swift in Sources */,
				000000000000000000300007 /* iShuttle/App/RootView.swift in Sources */,
				000000000000000000300008 /* iShuttle/Features/Reservations/Domain/RouteLogic.swift in Sources */,
				000000000000000000300009 /* iShuttle/Features/Reservations/Presentation/ReservationViewModel.swift in Sources */,
				000000000000000000300010 /* iShuttle/Core/Networking/WProcResponse.swift in Sources */,
				000000000000000000300011 /* iShuttle/Features/Location/Infrastructure/LocationDirectionService.swift in Sources */,
				000000000000000000300012 /* iShuttle/Features/WatchSync/Infrastructure/WatchSyncService.swift in Sources */,
				000000000000000000300013 /* iShuttle/Features/Reservations/Domain/ReservationRepository.swift in Sources */,
				000000000000000000300014 /* iShuttle/Features/Reservations/Infrastructure/DefaultReservationRepository.swift in Sources */,
				000000000000000000300015 /* iShuttle/Features/Reservations/Application/ReservationService.swift in Sources */,
				000000000000000000300016 /* iShuttle/Features/Settings/Domain/AppSettings.swift in Sources */,
				000000000000000000300017 /* iShuttle/Features/Settings/Infrastructure/UserDefaultsSettingsRepository.swift in Sources */,
				000000000000000000300018 /* iShuttle/Features/Settings/Domain/SettingsRepository.swift in Sources */,
				000000000000000000300021 /* iShuttle/Features/Authentication/Domain/SessionRepository.swift in Sources */,
				000000000000000000300022 /* iShuttle/Features/Reservations/Domain/BusOption.swift in Sources */,
				000000000000000000300023 /* iShuttle/Features/Authentication/Domain/AuthChallenge.swift in Sources */,
				000000000000000000300024 /* iShuttle/Core/Networking/APIError.swift in Sources */,
				000000000000000000300025 /* iShuttle/App/AppContainer.swift in Sources */,
				000000000000000000300026 /* iShuttle/Features/Authentication/Presentation/LoginView.swift in Sources */,
				000000000000000000300027 /* iShuttle/Features/Settings/Presentation/SettingsView.swift in Sources */,
				000000000000000000300028 /* iShuttle/Features/Reservations/Presentation/ReservationView.swift in Sources */,
				000000000000000000300029 /* iShuttle/Features/Reservations/Presentation/WeekDatePicker.swift in Sources */,
				000000000000000000300030 /* iShuttle/Features/Reservations/Presentation/MyReservationsView.swift in Sources */,
				000000000000000000300031 /* iShuttle/Features/Reservations/Presentation/ReservationQRCodeView.swift in Sources */,
				000000000000000000300032 /* iShuttle/Features/Reservations/Presentation/QRHomeView.swift in Sources */,
				000000000000000000300033 /* iShuttle/Features/WatchSync/Domain/WatchReservationTransfer.swift in Sources */,
				000000000000000000300034 /* iShuttle/Features/RideReminders/Domain/RideReminderSettings.swift in Sources */,
				000000000000000000300035 /* iShuttle/Features/RideReminders/Domain/RideReminderPolicy.swift in Sources */,
				000000000000000000300036 /* iShuttle/Features/RideReminders/Application/RideReminderService.swift in Sources */,
				000000000000000000300037 /* iShuttle/Features/RideReminders/Infrastructure/UserNotificationReminderScheduler.swift in Sources */,
				000000000000000000300038 /* iShuttle/Features/RideReminders/Domain/RideReminderScheduleRecord.swift in Sources */,
				000000000000000000300039 /* iShuttle/Features/RideReminders/Domain/RideReminderRecordRepository.swift in Sources */,
				000000000000000000300040 /* iShuttle/Features/RideReminders/Infrastructure/UserDefaultsRideReminderRecordRepository.swift in Sources */,
			);
			runOnlyForDeploymentPostprocessing = 0;
		};
		31F7527F3050799D00813BCE /* Sources */ = {
			isa = PBXSourcesBuildPhase;
			buildActionMask = 2147483647;
			files = (
			);
			runOnlyForDeploymentPostprocessing = 0;
		};
/* End PBXSourcesBuildPhase section */

/* Begin PBXTargetDependency section */
		F00000000000000000000018 /* PBXTargetDependency */ = {
			isa = PBXTargetDependency;
			target = 000000000000000000000020 /* iShuttle */;
			targetProxy = F00000000000000000000017 /* PBXContainerItemProxy */;
		};
		31F7528C3050799F00813BCE /* PBXTargetDependency */ = {
			isa = PBXTargetDependency;
			target = 31F752823050799D00813BCE /* iShuttleWatch Watch App */;
			targetProxy = 31F7528B3050799F00813BCE /* PBXContainerItemProxy */;
		};
/* End PBXTargetDependency section */

/* Begin XCBuildConfiguration section */
		F00000000000000000000015 /* Debug */ = {
			isa = XCBuildConfiguration;
			buildSettings = {
				BUNDLE_LOADER = "$(TEST_HOST)";
				CODE_SIGN_STYLE = Automatic;
				GENERATE_INFOPLIST_FILE = YES;
				IPHONEOS_DEPLOYMENT_TARGET = 17.0;
				PRODUCT_BUNDLE_IDENTIFIER = me.ezreal.iShuttleTests;
				PRODUCT_NAME = "$(TARGET_NAME)";
				SDKROOT = iphoneos;
				SUPPORTED_PLATFORMS = "iphoneos iphonesimulator";
				SWIFT_ACTIVE_COMPILATION_CONDITIONS = "DEBUG $(inherited)";
				SWIFT_OPTIMIZATION_LEVEL = "-Onone";
				SWIFT_VERSION = 5.0;
				TARGETED_DEVICE_FAMILY = 1;
				TEST_HOST = "$(BUILT_PRODUCTS_DIR)/iShuttle.app/$(BUNDLE_EXECUTABLE_FOLDER_PATH)/iShuttle";
			};
			name = Debug;
		};
		F00000000000000000000016 /* Release */ = {
			isa = XCBuildConfiguration;
			buildSettings = {
				BUNDLE_LOADER = "$(TEST_HOST)";
				CODE_SIGN_STYLE = Automatic;
				GENERATE_INFOPLIST_FILE = YES;
				IPHONEOS_DEPLOYMENT_TARGET = 17.0;
				PRODUCT_BUNDLE_IDENTIFIER = me.ezreal.iShuttleTests;
				PRODUCT_NAME = "$(TARGET_NAME)";
				SDKROOT = iphoneos;
				SUPPORTED_PLATFORMS = "iphoneos iphonesimulator";
				SWIFT_VERSION = 5.0;
				TARGETED_DEVICE_FAMILY = 1;
				TEST_HOST = "$(BUILT_PRODUCTS_DIR)/iShuttle.app/$(BUNDLE_EXECUTABLE_FOLDER_PATH)/iShuttle";
			};
			name = Release;
		};
		000000000000000000000012 /* Release */ = {
			isa = XCBuildConfiguration;
			buildSettings = {
				SWIFT_VERSION = 5.0;
			};
			name = Release;
		};
		000000000000000000000013 /* Release */ = {
			isa = XCBuildConfiguration;
			buildSettings = {
				ASSETCATALOG_COMPILER_APPICON_NAME = AppIcon;
				CODE_SIGN_IDENTITY = "Apple Development";
				CODE_SIGN_STYLE = Automatic;
				DEVELOPMENT_TEAM = LKMBDQA2QL;
				INFOPLIST_FILE = iShuttle/Info.plist;
				INFOPLIST_KEY_CFBundleIconName = AppIcon;
				IPHONEOS_DEPLOYMENT_TARGET = 17.0;
				PRODUCT_BUNDLE_IDENTIFIER = me.ezreal.iShuttle;
				PRODUCT_NAME = iShuttle;
				PROVISIONING_PROFILE_SPECIFIER = "";
				SDKROOT = iphoneos;
				SUPPORTED_PLATFORMS = "iphoneos iphonesimulator";
				SUPPORTS_MACCATALYST = NO;
				SUPPORTS_MAC_DESIGNED_FOR_IPHONE_IPAD = NO;
				SUPPORTS_XR_DESIGNED_FOR_IPHONE_IPAD = NO;
				SWIFT_VERSION = 5.0;
				TARGETED_DEVICE_FAMILY = 1;
			};
			name = Release;
		};
		000000000000000000000014 /* Debug */ = {
			isa = XCBuildConfiguration;
			buildSettings = {
				SWIFT_VERSION = 5.0;
			};
			name = Debug;
		};
		000000000000000000000017 /* Debug */ = {
			isa = XCBuildConfiguration;
			buildSettings = {
				ASSETCATALOG_COMPILER_APPICON_NAME = AppIcon;
				CODE_SIGN_IDENTITY = "Apple Development";
				CODE_SIGN_STYLE = Automatic;
				DEVELOPMENT_TEAM = LKMBDQA2QL;
				ENABLE_TESTABILITY = YES;
				INFOPLIST_FILE = iShuttle/Info.plist;
				INFOPLIST_KEY_CFBundleIconName = AppIcon;
				IPHONEOS_DEPLOYMENT_TARGET = 17.0;
				PRODUCT_BUNDLE_IDENTIFIER = me.ezreal.iShuttle;
				PRODUCT_NAME = iShuttle;
				PROVISIONING_PROFILE_SPECIFIER = "";
				SDKROOT = iphoneos;
				SUPPORTED_PLATFORMS = "iphoneos iphonesimulator";
				SWIFT_VERSION = 5.0;
				TARGETED_DEVICE_FAMILY = 1;
			};
			name = Debug;
		};
		31F7528F3050799F00813BCE /* Debug */ = {
			isa = XCBuildConfiguration;
			buildSettings = {
				ALWAYS_SEARCH_USER_PATHS = NO;
				ASSETCATALOG_COMPILER_APPICON_NAME = AppIcon;
				ASSETCATALOG_COMPILER_GENERATE_SWIFT_ASSET_SYMBOL_EXTENSIONS = YES;
				ASSETCATALOG_COMPILER_GLOBAL_ACCENT_COLOR_NAME = AccentColor;
				CLANG_ANALYZER_NONNULL = YES;
				CLANG_ANALYZER_NUMBER_OBJECT_CONVERSION = YES_AGGRESSIVE;
				CLANG_CXX_LANGUAGE_STANDARD = "gnu++20";
				CLANG_ENABLE_MODULES = YES;
				CLANG_ENABLE_OBJC_ARC = YES;
				CLANG_ENABLE_OBJC_WEAK = YES;
				CLANG_WARN_BLOCK_CAPTURE_AUTORELEASING = YES;
				CLANG_WARN_BOOL_CONVERSION = YES;
				CLANG_WARN_COMMA = YES;
				CLANG_WARN_CONSTANT_CONVERSION = YES;
				CLANG_WARN_DEPRECATED_OBJC_IMPLEMENTATIONS = YES;
				CLANG_WARN_DIRECT_OBJC_ISA_USAGE = YES_ERROR;
				CLANG_WARN_DOCUMENTATION_COMMENTS = YES;
				CLANG_WARN_EMPTY_BODY = YES;
				CLANG_WARN_ENUM_CONVERSION = YES;
				CLANG_WARN_INFINITE_RECURSION = YES;
				CLANG_WARN_INT_CONVERSION = YES;
				CLANG_WARN_NON_LITERAL_NULL_CONVERSION = YES;
				CLANG_WARN_OBJC_IMPLICIT_RETAIN_SELF = YES;
				CLANG_WARN_OBJC_LITERAL_CONVERSION = YES;
				CLANG_WARN_OBJC_ROOT_CLASS = YES_ERROR;
				CLANG_WARN_QUOTED_INCLUDE_IN_FRAMEWORK_HEADER = YES;
				CLANG_WARN_RANGE_LOOP_ANALYSIS = YES;
				CLANG_WARN_STRICT_PROTOTYPES = YES;
				CLANG_WARN_SUSPICIOUS_MOVE = YES;
				CLANG_WARN_UNGUARDED_AVAILABILITY = YES_AGGRESSIVE;
				CLANG_WARN_UNREACHABLE_CODE = YES;
				CLANG_WARN__DUPLICATE_METHOD_MATCH = YES;
				CODE_SIGN_STYLE = Automatic;
				COPY_PHASE_STRIP = NO;
				CURRENT_PROJECT_VERSION = 1;
				DEBUG_INFORMATION_FORMAT = dwarf;
				DEVELOPMENT_TEAM = LKMBDQA2QL;
				ENABLE_PREVIEWS = YES;
				ENABLE_STRICT_OBJC_MSGSEND = YES;
				ENABLE_TESTABILITY = YES;
				ENABLE_USER_SCRIPT_SANDBOXING = YES;
				GCC_C_LANGUAGE_STANDARD = gnu17;
				GCC_DYNAMIC_NO_PIC = NO;
				GCC_NO_COMMON_BLOCKS = YES;
				GCC_OPTIMIZATION_LEVEL = 0;
				GCC_PREPROCESSOR_DEFINITIONS = (
					"DEBUG=1",
					"$(inherited)",
				);
				GCC_WARN_64_TO_32_BIT_CONVERSION = YES;
				GCC_WARN_ABOUT_RETURN_TYPE = YES_ERROR;
				GCC_WARN_UNDECLARED_SELECTOR = YES;
				GCC_WARN_UNINITIALIZED_AUTOS = YES_AGGRESSIVE;
				GCC_WARN_UNUSED_FUNCTION = YES;
				GCC_WARN_UNUSED_VARIABLE = YES;
				GENERATE_INFOPLIST_FILE = YES;
				INFOPLIST_KEY_CFBundleDisplayName = iShuttleWatch;
				INFOPLIST_KEY_CFBundleIconName = AppIcon;
				INFOPLIST_KEY_UISupportedInterfaceOrientations = "UIInterfaceOrientationPortrait UIInterfaceOrientationPortraitUpsideDown";
				INFOPLIST_KEY_WKCompanionAppBundleIdentifier = me.ezreal.iShuttle;
				LD_RUNPATH_SEARCH_PATHS = (
					"$(inherited)",
					"@executable_path/Frameworks",
				);
				LOCALIZATION_PREFERS_STRING_CATALOGS = YES;
				MARKETING_VERSION = 1.0;
				MTL_ENABLE_DEBUG_INFO = INCLUDE_SOURCE;
				MTL_FAST_MATH = YES;
				ONLY_ACTIVE_ARCH = YES;
				PRODUCT_BUNDLE_IDENTIFIER = me.ezreal.iShuttle.watchkitapp;
				PRODUCT_NAME = "$(TARGET_NAME)";
				SDKROOT = watchos;
				SKIP_INSTALL = YES;
				STRING_CATALOG_GENERATE_SYMBOLS = YES;
				SWIFT_ACTIVE_COMPILATION_CONDITIONS = "DEBUG $(inherited)";
				SWIFT_APPROACHABLE_CONCURRENCY = YES;
				SWIFT_DEFAULT_ACTOR_ISOLATION = MainActor;
				SWIFT_EMIT_LOC_STRINGS = YES;
				SWIFT_OPTIMIZATION_LEVEL = "-Onone";
				SWIFT_UPCOMING_FEATURE_MEMBER_IMPORT_VISIBILITY = YES;
				SWIFT_VERSION = 5.0;
				TARGETED_DEVICE_FAMILY = 4;
				WATCHOS_DEPLOYMENT_TARGET = 11.5;
			};
			name = Debug;
		};
		31F752903050799F00813BCE /* Release */ = {
			isa = XCBuildConfiguration;
			buildSettings = {
				ALWAYS_SEARCH_USER_PATHS = NO;
				ASSETCATALOG_COMPILER_APPICON_NAME = AppIcon;
				ASSETCATALOG_COMPILER_GENERATE_SWIFT_ASSET_SYMBOL_EXTENSIONS = YES;
				ASSETCATALOG_COMPILER_GLOBAL_ACCENT_COLOR_NAME = AccentColor;
				CLANG_ANALYZER_NONNULL = YES;
				CLANG_ANALYZER_NUMBER_OBJECT_CONVERSION = YES_AGGRESSIVE;
				CLANG_CXX_LANGUAGE_STANDARD = "gnu++20";
				CLANG_ENABLE_MODULES = YES;
				CLANG_ENABLE_OBJC_ARC = YES;
				CLANG_ENABLE_OBJC_WEAK = YES;
				CLANG_WARN_BLOCK_CAPTURE_AUTORELEASING = YES;
				CLANG_WARN_BOOL_CONVERSION = YES;
				CLANG_WARN_COMMA = YES;
				CLANG_WARN_CONSTANT_CONVERSION = YES;
				CLANG_WARN_DEPRECATED_OBJC_IMPLEMENTATIONS = YES;
				CLANG_WARN_DIRECT_OBJC_ISA_USAGE = YES_ERROR;
				CLANG_WARN_DOCUMENTATION_COMMENTS = YES;
				CLANG_WARN_EMPTY_BODY = YES;
				CLANG_WARN_ENUM_CONVERSION = YES;
				CLANG_WARN_INFINITE_RECURSION = YES;
				CLANG_WARN_INT_CONVERSION = YES;
				CLANG_WARN_NON_LITERAL_NULL_CONVERSION = YES;
				CLANG_WARN_OBJC_IMPLICIT_RETAIN_SELF = YES;
				CLANG_WARN_OBJC_LITERAL_CONVERSION = YES;
				CLANG_WARN_OBJC_ROOT_CLASS = YES_ERROR;
				CLANG_WARN_QUOTED_INCLUDE_IN_FRAMEWORK_HEADER = YES;
				CLANG_WARN_RANGE_LOOP_ANALYSIS = YES;
				CLANG_WARN_STRICT_PROTOTYPES = YES;
				CLANG_WARN_SUSPICIOUS_MOVE = YES;
				CLANG_WARN_UNGUARDED_AVAILABILITY = YES_AGGRESSIVE;
				CLANG_WARN_UNREACHABLE_CODE = YES;
				CLANG_WARN__DUPLICATE_METHOD_MATCH = YES;
				CODE_SIGN_IDENTITY = "Apple Development";
				CODE_SIGN_STYLE = Automatic;
				COPY_PHASE_STRIP = NO;
				CURRENT_PROJECT_VERSION = 1;
				DEBUG_INFORMATION_FORMAT = "dwarf-with-dsym";
				DEVELOPMENT_TEAM = LKMBDQA2QL;
				ENABLE_NS_ASSERTIONS = NO;
				ENABLE_PREVIEWS = YES;
				ENABLE_STRICT_OBJC_MSGSEND = YES;
				ENABLE_USER_SCRIPT_SANDBOXING = YES;
				GCC_C_LANGUAGE_STANDARD = gnu17;
				GCC_NO_COMMON_BLOCKS = YES;
				GCC_WARN_64_TO_32_BIT_CONVERSION = YES;
				GCC_WARN_ABOUT_RETURN_TYPE = YES_ERROR;
				GCC_WARN_UNDECLARED_SELECTOR = YES;
				GCC_WARN_UNINITIALIZED_AUTOS = YES_AGGRESSIVE;
				GCC_WARN_UNUSED_FUNCTION = YES;
				GCC_WARN_UNUSED_VARIABLE = YES;
				GENERATE_INFOPLIST_FILE = YES;
				INFOPLIST_KEY_CFBundleDisplayName = iShuttleWatch;
				INFOPLIST_KEY_CFBundleIconName = AppIcon;
				INFOPLIST_KEY_UISupportedInterfaceOrientations = "UIInterfaceOrientationPortrait UIInterfaceOrientationPortraitUpsideDown";
				INFOPLIST_KEY_WKCompanionAppBundleIdentifier = me.ezreal.iShuttle;
				LD_RUNPATH_SEARCH_PATHS = (
					"$(inherited)",
					"@executable_path/Frameworks",
				);
				LOCALIZATION_PREFERS_STRING_CATALOGS = YES;
				MARKETING_VERSION = 1.0;
				MTL_ENABLE_DEBUG_INFO = NO;
				MTL_FAST_MATH = YES;
				PRODUCT_BUNDLE_IDENTIFIER = me.ezreal.iShuttle.watchkitapp;
				PRODUCT_NAME = "$(TARGET_NAME)";
				SDKROOT = watchos;
				SKIP_INSTALL = YES;
				STRING_CATALOG_GENERATE_SYMBOLS = YES;
				SWIFT_APPROACHABLE_CONCURRENCY = YES;
				SWIFT_COMPILATION_MODE = wholemodule;
				SWIFT_DEFAULT_ACTOR_ISOLATION = MainActor;
				SWIFT_EMIT_LOC_STRINGS = YES;
				SWIFT_UPCOMING_FEATURE_MEMBER_IMPORT_VISIBILITY = YES;
				SWIFT_VERSION = 5.0;
				TARGETED_DEVICE_FAMILY = 4;
				VALIDATE_PRODUCT = YES;
				WATCHOS_DEPLOYMENT_TARGET = 11.5;
			};
			name = Release;
		};
/* End XCBuildConfiguration section */

/* Begin XCConfigurationList section */
		F00000000000000000000014 /* Build configuration list for PBXNativeTarget "iShuttleTests" */ = {
			isa = XCConfigurationList;
			buildConfigurations = (
				F00000000000000000000015 /* Debug */,
				F00000000000000000000016 /* Release */,
			);
			defaultConfigurationIsVisible = 0;
			defaultConfigurationName = Release;
		};
		000000000000000000000010 /* Build configuration list for PBXProject "iShuttle" */ = {
			isa = XCConfigurationList;
			buildConfigurations = (
				000000000000000000000014 /* Debug */,
				000000000000000000000012 /* Release */,
			);
			defaultConfigurationIsVisible = 0;
			defaultConfigurationName = Release;
		};
		000000000000000000000011 /* Build configuration list for PBXNativeTarget "iShuttle" */ = {
			isa = XCConfigurationList;
			buildConfigurations = (
				000000000000000000000017 /* Debug */,
				000000000000000000000013 /* Release */,
			);
			defaultConfigurationIsVisible = 0;
			defaultConfigurationName = Release;
		};
		31F752913050799F00813BCE /* Build configuration list for PBXNativeTarget "iShuttleWatch Watch App" */ = {
			isa = XCConfigurationList;
			buildConfigurations = (
				31F7528F3050799F00813BCE /* Debug */,
				31F752903050799F00813BCE /* Release */,
			);
			defaultConfigurationIsVisible = 0;
			defaultConfigurationName = Release;
		};
/* End XCConfigurationList section */
	};
	rootObject = 000000000000000000000001 /* Project object */;
}
